
Microsoft Visual Studio Solution File, Format Version 12.00
# Visual Studio Version 17
VisualStudioVersion = 17.5.002.0
MinimumVisualStudioVersion = 10.0.40219.1
Project("{9A19103F-16F7-4668-BE54-9A1E7A4F7556}") = "functions", "functions\functions.csproj", "{A2184F64-E421-4E89-A064-77379908A317}"
EndProject
Project("{FAE04EC0-301F-11D3-BF4B-00C04F79EFBC}") = "functions.Test", "functions.Test\functions.Test.csproj", "{31DEAA2A-5FAE-4154-BEAA-1E98DA02E841}"
EndProject
Global
	GlobalSection(SolutionConfigurationPlatforms) = preSolution
		Debug|Any CPU = Debug|Any CPU
		Release|Any CPU = Release|Any CPU
	EndGlobalSection
	GlobalSection(ProjectConfigurationPlatforms) = postSolution
		{A2184F64-E421-4E89-A064-77379908A317}.Debug|Any CPU.ActiveCfg = Debug|Any CPU
		{A2184F64-E421-4E89-A064-77379908A317}.Debug|Any CPU.Build.0 = Debug|Any CPU
		{A2184F64-E421-4E89-A064-77379908A317}.Release|Any CPU.ActiveCfg = Release|Any CPU
		{A2184F64-E421-4E89-A064-77379908A317}.Release|Any CPU.Build.0 = Release|Any CPU
		{31DEAA2A-5FAE-4154-BEAA-1E98DA02E841}.Debug|Any CPU.ActiveCfg = Debug|Any CPU
		{31DEAA2A-5FAE-4154-BEAA-1E98DA02E841}.Debug|Any CPU.Build.0 = Debug|Any CPU
		{31DEAA2A-5FAE-4154-BEAA-1E98DA02E841}.Release|Any CPU.ActiveCfg = Release|Any CPU
		{31DEAA2A-5FAE-4154-BEAA-1E98DA02E841}.Release|Any CPU.Build.0 = Release|Any CPU
	EndGlobalSection
	GlobalSection(SolutionProperties) = preSolution
		HideSolutionNode = FALSE
	EndGlobalSection
	GlobalSection(ExtensibilityGlobals) = postSolution
		SolutionGuid = {F88AE58C-A054-491E-845B-A3568397BD2A}
	EndGlobalSection
EndGlobal
